
Microsoft Visual Studio Solution File, Format Version 12.00
# Visual Studio 15
VisualStudioVersion = 15.0.27130.2024
MinimumVisualStudioVersion = 10.0.40219.1
Project("{FAE04EC0-301F-11D3-BF4B-00C04F79EFBC}") = "MyCoreEF.Web", "MyCoreEF.Web\MyCoreEF.Web.csproj", "{6992F0A3-EA0C-448F-9738-F34A3575F3CC}"
EndProject
Project("{2150E333-8FDC-42A3-9474-1A3956D46DE8}") = "src", "src", "{39288A01-FB87-4EAA-8DB3-93E498CB6DD5}"
EndProject
Project("{2150E333-8FDC-42A3-9474-1A3956D46DE8}") = "test", "test", "{A53ADB84-5A25-4AF8-851A-CD40C79BB62B}"
EndProject
Project("{FAE04EC0-301F-11D3-BF4B-00C04F79EFBC}") = "MyCoreEF.DomainModels", "MyCoreEF.DomainModels\MyCoreEF.DomainModels.csproj", "{68C1AC09-1B57-4E7F-8496-38BB4CB39D3D}"
EndProject
Project("{FAE04EC0-301F-11D3-BF4B-00C04F79EFBC}") = "MyCoreEF.DataEntity", "MyCoreEF.DataEntity\MyCoreEF.DataEntity.csproj", "{6BD7281C-F2B0-452E-8761-08B643D57DC3}"
EndProject
Project("{FAE04EC0-301F-11D3-BF4B-00C04F79EFBC}") = "MyCoreEF.DataAccessLayer", "MyCoreEF.DataAccessLayer\MyCoreEF.DataAccessLayer.csproj", "{DDFD5078-F09D-42D8-8835-FABD01BA3E08}"
EndProject
Project("{FAE04EC0-301F-11D3-BF4B-00C04F79EFBC}") = "MyCoreEF.BusinessLayer", "MyCoreEF.BusinessLayer\MyCoreEF.BusinessLayer.csproj", "{DCB12A8C-1BDB-4B92-8934-2C1D14B0ED4B}"
EndProject
Global
	GlobalSection(SolutionConfigurationPlatforms) = preSolution
		Debug|Any CPU = Debug|Any CPU
		Release|Any CPU = Release|Any CPU
	EndGlobalSection
	GlobalSection(ProjectConfigurationPlatforms) = postSolution
		{6992F0A3-EA0C-448F-9738-F34A3575F3CC}.Debug|Any CPU.ActiveCfg = Debug|Any CPU
		{6992F0A3-EA0C-448F-9738-F34A3575F3CC}.Debug|Any CPU.Build.0 = Debug|Any CPU
		{6992F0A3-EA0C-448F-9738-F34A3575F3CC}.Release|Any CPU.ActiveCfg = Release|Any CPU
		{6992F0A3-EA0C-448F-9738-F34A3575F3CC}.Release|Any CPU.Build.0 = Release|Any CPU
		{68C1AC09-1B57-4E7F-8496-38BB4CB39D3D}.Debug|Any CPU.ActiveCfg = Debug|Any CPU
		{68C1AC09-1B57-4E7F-8496-38BB4CB39D3D}.Debug|Any CPU.Build.0 = Debug|Any CPU
		{68C1AC09-1B57-4E7F-8496-38BB4CB39D3D}.Release|Any CPU.ActiveCfg = Release|Any CPU
		{68C1AC09-1B57-4E7F-8496-38BB4CB39D3D}.Release|Any CPU.Build.0 = Release|Any CPU
		{6BD7281C-F2B0-452E-8761-08B643D57DC3}.Debug|Any CPU.ActiveCfg = Debug|Any CPU
		{6BD7281C-F2B0-452E-8761-08B643D57DC3}.Debug|Any CPU.Build.0 = Debug|Any CPU
		{6BD7281C-F2B0-452E-8761-08B643D57DC3}.Release|Any CPU.ActiveCfg = Release|Any CPU
		{6BD7281C-F2B0-452E-8761-08B643D57DC3}.Release|Any CPU.Build.0 = Release|Any CPU
		{DDFD5078-F09D-42D8-8835-FABD01BA3E08}.Debug|Any CPU.ActiveCfg = Debug|Any CPU
		{DDFD5078-F09D-42D8-8835-FABD01BA3E08}.Debug|Any CPU.Build.0 = Debug|Any CPU
		{DDFD5078-F09D-42D8-8835-FABD01BA3E08}.Release|Any CPU.ActiveCfg = Release|Any CPU
		{DDFD5078-F09D-42D8-8835-FABD01BA3E08}.Release|Any CPU.Build.0 = Release|Any CPU
		{DCB12A8C-1BDB-4B92-8934-2C1D14B0ED4B}.Debug|Any CPU.ActiveCfg = Debug|Any CPU
		{DCB12A8C-1BDB-4B92-8934-2C1D14B0ED4B}.Debug|Any CPU.Build.0 = Debug|Any CPU
		{DCB12A8C-1BDB-4B92-8934-2C1D14B0ED4B}.Release|Any CPU.ActiveCfg = Release|Any CPU
		{DCB12A8C-1BDB-4B92-8934-2C1D14B0ED4B}.Release|Any CPU.Build.0 = Release|Any CPU
	EndGlobalSection
	GlobalSection(SolutionProperties) = preSolution
		HideSolutionNode = FALSE
	EndGlobalSection
	GlobalSection(NestedProjects) = preSolution
		{6992F0A3-EA0C-448F-9738-F34A3575F3CC} = {39288A01-FB87-4EAA-8DB3-93E498CB6DD5}
		{68C1AC09-1B57-4E7F-8496-38BB4CB39D3D} = {39288A01-FB87-4EAA-8DB3-93E498CB6DD5}
		{6BD7281C-F2B0-452E-8761-08B643D57DC3} = {39288A01-FB87-4EAA-8DB3-93E498CB6DD5}
		{DDFD5078-F09D-42D8-8835-FABD01BA3E08} = {39288A01-FB87-4EAA-8DB3-93E498CB6DD5}
		{DCB12A8C-1BDB-4B92-8934-2C1D14B0ED4B} = {39288A01-FB87-4EAA-8DB3-93E498CB6DD5}
	EndGlobalSection
	GlobalSection(ExtensibilityGlobals) = postSolution
		SolutionGuid = {9F16C93E-EFFC-4955-BD9A-0BF15EE3DD0A}
	EndGlobalSection
EndGlobal
